c2sp.org/CCTV/age v0.0.0-20221230231406-5ea85644bd03 h1:0e2QjhWG02SgzlUOvNYaFraf04OBsUPOLxf+K+Ae/yM=
filippo.io/age v1.1.2-0.20230523153632-8a01d201c863 h1:YZDCIqhQqMc8D1F98smj+Enm3OPioJYNDKZh/CP+zbw=
filippo.io/age v1.1.2-0.20230523153632-8a01d201c863/go.mod h1:cCeOs0AIM8hGrRaeciwWUC9lcXM9Ca4k2Xk8GHG3VVk=
github.com/creack/goselect v0.1.2 h1:2DNy14+JPjRBgPzAd1thbQp4BSIihxcBf0IXhQXDRa0=
github.com/creack/goselect v0.1.2/go.mod h1:a/NhLweNvqIYMuxcMOuWY516Cimucms3DglDzQP3hKY=
github.com/davecgh/go-spew v1.1.1 h1:vj9j/u1bqnvCEfJOwUhtlOARqs3+rkHYY13jYWTU97c=
github.com/pmezard/go-difflib v1.0.0 h1:4DBwDE0NGyQoBHbLQYPwSUPoCMWR5BEzIk/f1lZbAQM=
github.com/quite/tkeyx25519 v0.0.0-20230523090805-d47313deea03 h1:5u3GRTjZwmt7CjsKeTSKytZfZj7XUM+Lc8ze4crxSII=
github.com/quite/tkeyx25519 v0.0.0-20230523090805-d47313deea03/go.mod h1:szLgHBZogFOjArYXeMJuSD44rI5zbZBCj7tH6JlZY4A=
github.com/stretchr/testify v1.8.0 h1:pSgiaMZlXftHpm5L7V1+rVB+AZJydKsMxsQBIJw4PKk=
github.com/tillitis/tkeyclient v0.0.0-20230607181239-48de67d61ab9 h1:IE3xwhK/i9ysaCn+5F81DpH+OTGMoF9KSWCaaA2sQQI=
github.com/tillitis/tkeyclient v0.0.0-20230607181239-48de67d61ab9/go.mod h1:LJF9olZ1FL4zIvDY4OoKSp/9YiQY0e8JoKLo0Wg1+Zc=
go.bug.st/serial v1.5.0 h1:ThuUkHpOEmCVXxGEfpoExjQCS2WBVV4ZcUKVYInM9T4=
go.bug.st/serial v1.5.0/go.mod h1:UABfsluHAiaNI+La2iESysd9Vetq7VRdpxvjx7CmmOE=
golang.org/x/crypto v0.9.0 h1:LF6fAI+IutBocDJ2OT0Q1g8plpYljMZ4+lty+dsqw3g=
golang.org/x/crypto v0.9.0/go.mod h1:yrmDGqONDYtNj3tH8X9dzUun2m2lzPa9ngI6/RUPGR0=
golang.org/x/sys v0.8.0 h1:EBmGv8NaZBZTWvrbjNoL6HVt+IVy3QDQpJs7VRIw3tU=
golang.org/x/sys v0.8.0/go.mod h1:oPkhp1MJrh7nUepCBck5+mAzfO9JrbApNNgaTdGDITg=
golang.org/x/term v0.8.0 h1:n5xxQn2i3PC0yLAbjTpNT85q/Kgzcr2gIoX9OrJUols=
golang.org/x/term v0.8.0/go.mod h1:xPskH00ivmX89bAKVGSKKtLOWNx2+17Eiy94tnKShWo=
gopkg.in/yaml.v3 v3.0.1 h1:fxVm/GzAzEWqLHuvctI91KS9hhNmmWOoWu0XTYJS7CA=
