c2sp.org/CCTV/age v0.0.0-20221230231406-5ea85644bd03 h1:0e2QjhWG02SgzlUOvNYaFraf04OBsUPOLxf+K+Ae/yM=
filippo.io/age v1.1.2-0.20230920124100-101cc8676386 h1:cMNckh2AzWP8qr+i+WgCVteMLFoDOkLy+6AsYRWwfVU=
filippo.io/age v1.1.2-0.20230920124100-101cc8676386/go.mod h1:y3Zb/i2jHg/kL8xc3ocrI0Wd0Vm+VWV6DKfsKzSGUmU=
github.com/creack/goselect v0.1.2 h1:2DNy14+JPjRBgPzAd1thbQp4BSIihxcBf0IXhQXDRa0=
github.com/creack/goselect v0.1.2/go.mod h1:a/NhLweNvqIYMuxcMOuWY516Cimucms3DglDzQP3hKY=
github.com/davecgh/go-spew v1.1.1 h1:vj9j/u1bqnvCEfJOwUhtlOARqs3+rkHYY13jYWTU97c=
github.com/pmezard/go-difflib v1.0.0 h1:4DBwDE0NGyQoBHbLQYPwSUPoCMWR5BEzIk/f1lZbAQM=
github.com/quite/tkeyx25519 v0.0.1 h1:06Bggr+E8WJM9Vr3KsvlWGMuHDn7TlGg7QEMYuP5/KA=
github.com/quite/tkeyx25519 v0.0.1/go.mod h1:dNIA8JvczoWZSSP/DbZGnW9dPKEa4ohYwkdUw3vRDTs=
github.com/stretchr/testify v1.8.0 h1:pSgiaMZlXftHpm5L7V1+rVB+AZJydKsMxsQBIJw4PKk=
github.com/tillitis/tkeyclient v0.0.8 h1:ZECNCkHmcxx5BlEdyhjMPeBX4/ZiuEov+nOAiMB3cOQ=
github.com/tillitis/tkeyclient v0.0.8/go.mod h1:NPZaaOyroiprK4qNSADHY2pc7TAYDoZ3JKRIFhUMvHE=
go.bug.st/serial v1.6.1 h1:VSSWmUxlj1T/YlRo2J104Zv3wJFrjHIl/T3NeruWAHY=
go.bug.st/serial v1.6.1/go.mod h1:UABfsluHAiaNI+La2iESysd9Vetq7VRdpxvjx7CmmOE=
golang.org/x/crypto v0.16.0 h1:mMMrFzRSCF0GvB7Ne27XVtVAaXLrPmgPC7/v0tkwHaY=
golang.org/x/crypto v0.16.0/go.mod h1:gCAAfMLgwOJRpTjQ2zCCt2OcSfYMTeZVSRtQlPC7Nq4=
golang.org/x/sys v0.15.0 h1:h48lPFYpsTvQJZF4EKyI4aLHaev3CxivZmv7yZig9pc=
golang.org/x/sys v0.15.0/go.mod h1:/VUhepiaJMQUp4+oa/7Zr1D23ma6VTLIYjOOTFZPUcA=
golang.org/x/term v0.15.0 h1:y/Oo/a/q3IXu26lQgl04j/gjuBDOBlx7X6Om1j2CPW4=
golang.org/x/term v0.15.0/go.mod h1:BDl952bC7+uMoWR75FIrCDx79TPU9oHkTZ9yRbYOrX0=
gopkg.in/yaml.v3 v3.0.1 h1:fxVm/GzAzEWqLHuvctI91KS9hhNmmWOoWu0XTYJS7CA=
