c2sp.org/CCTV/age v0.0.0-20221230231406-5ea85644bd03 h1:0e2QjhWG02SgzlUOvNYaFraf04OBsUPOLxf+K+Ae/yM=
filippo.io/age v1.1.2-0.20230920124100-101cc8676386 h1:cMNckh2AzWP8qr+i+WgCVteMLFoDOkLy+6AsYRWwfVU=
filippo.io/age v1.1.2-0.20230920124100-101cc8676386/go.mod h1:y3Zb/i2jHg/kL8xc3ocrI0Wd0Vm+VWV6DKfsKzSGUmU=
github.com/creack/goselect v0.1.2 h1:2DNy14+JPjRBgPzAd1thbQp4BSIihxcBf0IXhQXDRa0=
github.com/creack/goselect v0.1.2/go.mod h1:a/NhLweNvqIYMuxcMOuWY516Cimucms3DglDzQP3hKY=
github.com/davecgh/go-spew v1.1.1 h1:vj9j/u1bqnvCEfJOwUhtlOARqs3+rkHYY13jYWTU97c=
github.com/pmezard/go-difflib v1.0.0 h1:4DBwDE0NGyQoBHbLQYPwSUPoCMWR5BEzIk/f1lZbAQM=
github.com/quite/tkeyx25519 v0.0.2 h1:dds9fwFVyLHzaPTcyU9kWf/ropx4V4pZUwguuozEp9o=
github.com/quite/tkeyx25519 v0.0.2/go.mod h1:Iuo0t8hyb5T16hB9f7V6WmcSdDTxgITTN/423hgAmyc=
github.com/stretchr/testify v1.8.0 h1:pSgiaMZlXftHpm5L7V1+rVB+AZJydKsMxsQBIJw4PKk=
github.com/tillitis/tkeyclient v1.0.0 h1:Ox9mEwxon9SRUconYZXrcqrm0YxpMCblMZLPXzPtKro=
github.com/tillitis/tkeyclient v1.0.0/go.mod h1:dg2fyhB6szX7n1QIf19WcWtl/ueBPQYVlTCjY/kG5pM=
go.bug.st/serial v1.6.2 h1:kn9LRX3sdm+WxWKufMlIRndwGfPWsH1/9lCWXQCasq8=
go.bug.st/serial v1.6.2/go.mod h1:UABfsluHAiaNI+La2iESysd9Vetq7VRdpxvjx7CmmOE=
golang.org/x/crypto v0.22.0 h1:g1v0xeRhjcugydODzvb3mEM9SQ0HGp9s/nh3COQ/C30=
golang.org/x/crypto v0.22.0/go.mod h1:vr6Su+7cTlO45qkww3VDJlzDn0ctJvRgYbC2NvXHt+M=
golang.org/x/sys v0.19.0 h1:q5f1RH2jigJ1MoAWp2KTp3gm5zAGFUTarQZ5U386+4o=
golang.org/x/sys v0.19.0/go.mod h1:/VUhepiaJMQUp4+oa/7Zr1D23ma6VTLIYjOOTFZPUcA=
golang.org/x/term v0.19.0 h1:+ThwsDv+tYfnJFhF4L8jITxu1tdTWRTZpdsWgEgjL6Q=
golang.org/x/term v0.19.0/go.mod h1:2CuTdWZ7KHSQwUzKva0cbMg6q2DMI3Mmxp+gKJbskEk=
gopkg.in/yaml.v3 v3.0.1 h1:fxVm/GzAzEWqLHuvctI91KS9hhNmmWOoWu0XTYJS7CA=
